# This file is automatically @generated by Cargo.
# It is not intended for manual editing.
version = 3

[[package]]
name = "import-test-crate"
version = "0.1.0"
dependencies = [
 "try-partialord",
]

[[package]]
name = "try-partialord"
version = "0.1.3"
source = "sparse+http://localhost:3000/index/"
checksum = "494f2baf446447eb9b49ece9bbc391b8b251ceb4778f7362ef09dd9eadec390f"
